{
  "name": "seda-website-cms",
  "lockfileVersion": 3,
  "requires": true,
  "packages": {
    "": {
      "dependencies": {
        "ip2region": "^2.3.0"
      }
    },
    "node_modules/@types/node": {
      "version": "25.9.1",
      "resolved": "https://registry.npmjs.org/@types/node/-/node-25.9.1.tgz",
      "integrity": "sha512-xfrlY7UD5rMJk3ZVJP8BNzS28J36YJg+xp+LPXV1TdWxr8uMH5A860QNxYDGQe/ylDSgjxE52Q9VnO7p75tJxg==",
      "license": "MIT",
      "peer": true,
      "dependencies": {
        "undici-types": ">=7.24.0 <7.24.7"
      }
    },
    "node_modules/ip2region": {
      "version": "2.3.0",
      "resolved": "https://registry.npmjs.org/ip2region/-/ip2region-2.3.0.tgz",
      "integrity": "sha512-zV5Xsadzrx9Ej6heoyhbXMsfGWWQ3C6bAIYStrHhw9kzLpGpVNlnAyRBxxPgxA1GNqr1Ti7oUxcWsMWNN3jZBg==",
      "license": "MIT",
      "peerDependencies": {
        "@types/node": "*"
      }
    },
    "node_modules/undici-types": {
      "version": "7.24.6",
      "resolved": "https://registry.npmjs.org/undici-types/-/undici-types-7.24.6.tgz",
      "integrity": "sha512-WRNW+sJgj5OBN4/0JpHFqtqzhpbnV0GuB+OozA9gCL7a993SmU+1JBZCzLNxYsbMfIeDL+lTsphD5jN5N+n0zg==",
      "license": "MIT",
      "peer": true
    }
  }
}
